
Microsoft Visual Studio Solution File, Format Version 12.00
# Visual Studio 14
VisualStudioVersion = 14.0.25420.1
MinimumVisualStudioVersion = 10.0.40219.1
Project("{FAE04EC0-301F-11D3-BF4B-00C04F79EFBC}") = "CommClass", "CommClass\CommClass.csproj", "{F329FB25-D28D-408B-BFF8-74CF86A9D92E}"
EndProject
Project("{F184B08F-C81C-45F6-A57F-5ABD9991F28F}") = "Win32SDK", "Win32SDK\Win32SDK.vbproj", "{281A75E3-343D-4790-8531-7FA001050EA4}"
EndProject
Project("{FAE04EC0-301F-11D3-BF4B-00C04F79EFBC}") = "Win32CTC", "Win32CTC\Win32CTC.csproj", "{F7C894DF-5E33-4F2C-957E-12201F70A3DA}"
EndProject
Project("{FAE04EC0-301F-11D3-BF4B-00C04F79EFBC}") = "Win32Compress", "Win32Compress\Win32Compress.csproj", "{02525D9E-47E3-406F-B28F-5403AACE7207}"
EndProject
Project("{2150E333-8FDC-42A3-9474-1A3956D46DE8}") = "DataBase", "DataBase", "{B0D37B90-3559-4155-833C-1EDE7D6FDDB3}"
EndProject
Project("{2150E333-8FDC-42A3-9474-1A3956D46DE8}") = "Communicate", "Communicate", "{95EFF810-98AA-4D18-9F40-FC38168991EF}"
EndProject
Project("{2150E333-8FDC-42A3-9474-1A3956D46DE8}") = "OS", "OS", "{0F37CEE1-2F61-47E4-8D16-7BDAEAF09750}"
EndProject
Project("{2150E333-8FDC-42A3-9474-1A3956D46DE8}") = "DataConvert", "DataConvert", "{59A9A557-BA9A-4D9E-8B07-821DD5AA1F29}"
EndProject
Project("{FAE04EC0-301F-11D3-BF4B-00C04F79EFBC}") = "Win32DataWork", "Win32DataWork\Win32DataWork.csproj", "{14125935-97B2-4D75-B17F-8F69E4B924D9}"
EndProject
Project("{2150E333-8FDC-42A3-9474-1A3956D46DE8}") = "dotNetComm", "dotNetComm", "{A7D18AB9-9979-4693-B89A-5107E2F92C92}"
EndProject
Project("{FAE04EC0-301F-11D3-BF4B-00C04F79EFBC}") = "SystemEX", "SystemEX\SystemEX.csproj", "{308D33DB-796C-48FC-B82A-3417FCB4CA6C}"
EndProject
Project("{FAE04EC0-301F-11D3-BF4B-00C04F79EFBC}") = "Communicate", "Communicate\Communicate.csproj", "{DE216708-61C2-4652-BC05-5266E400E5F7}"
EndProject
Project("{2150E333-8FDC-42A3-9474-1A3956D46DE8}") = "Image", "Image", "{C2B36B19-FDDB-4E0C-82B8-F79654FD2368}"
EndProject
Project("{FAE04EC0-301F-11D3-BF4B-00C04F79EFBC}") = "MediaFactory", "MediaFactory\MediaFactory.csproj", "{C0137F06-43D0-483D-AECC-F9A418B560C1}"
EndProject
Project("{FAE04EC0-301F-11D3-BF4B-00C04F79EFBC}") = "CommClassService", "CommClassService\CommClassService.csproj", "{AF9597AB-20D2-4089-A751-CB3889761AA8}"
EndProject
Project("{FAE04EC0-301F-11D3-BF4B-00C04F79EFBC}") = "DataDriver", "DataDriver\DataDriver.csproj", "{ECEE1BB7-4D65-4FC7-965E-549305F33F5E}"
EndProject
Global
	GlobalSection(SolutionConfigurationPlatforms) = preSolution
		Debug|Any CPU = Debug|Any CPU
		Release|Any CPU = Release|Any CPU
	EndGlobalSection
	GlobalSection(ProjectConfigurationPlatforms) = postSolution
		{F329FB25-D28D-408B-BFF8-74CF86A9D92E}.Debug|Any CPU.ActiveCfg = Debug|Any CPU
		{F329FB25-D28D-408B-BFF8-74CF86A9D92E}.Debug|Any CPU.Build.0 = Debug|Any CPU
		{F329FB25-D28D-408B-BFF8-74CF86A9D92E}.Release|Any CPU.ActiveCfg = Release|Any CPU
		{F329FB25-D28D-408B-BFF8-74CF86A9D92E}.Release|Any CPU.Build.0 = Release|Any CPU
		{281A75E3-343D-4790-8531-7FA001050EA4}.Debug|Any CPU.ActiveCfg = Debug|Any CPU
		{281A75E3-343D-4790-8531-7FA001050EA4}.Debug|Any CPU.Build.0 = Debug|Any CPU
		{281A75E3-343D-4790-8531-7FA001050EA4}.Release|Any CPU.ActiveCfg = Release|Any CPU
		{281A75E3-343D-4790-8531-7FA001050EA4}.Release|Any CPU.Build.0 = Release|Any CPU
		{F7C894DF-5E33-4F2C-957E-12201F70A3DA}.Debug|Any CPU.ActiveCfg = Debug|Any CPU
		{F7C894DF-5E33-4F2C-957E-12201F70A3DA}.Debug|Any CPU.Build.0 = Debug|Any CPU
		{F7C894DF-5E33-4F2C-957E-12201F70A3DA}.Release|Any CPU.ActiveCfg = Release|Any CPU
		{F7C894DF-5E33-4F2C-957E-12201F70A3DA}.Release|Any CPU.Build.0 = Release|Any CPU
		{02525D9E-47E3-406F-B28F-5403AACE7207}.Debug|Any CPU.ActiveCfg = Debug|Any CPU
		{02525D9E-47E3-406F-B28F-5403AACE7207}.Debug|Any CPU.Build.0 = Debug|Any CPU
		{02525D9E-47E3-406F-B28F-5403AACE7207}.Release|Any CPU.ActiveCfg = Release|Any CPU
		{02525D9E-47E3-406F-B28F-5403AACE7207}.Release|Any CPU.Build.0 = Release|Any CPU
		{14125935-97B2-4D75-B17F-8F69E4B924D9}.Debug|Any CPU.ActiveCfg = Debug|Any CPU
		{14125935-97B2-4D75-B17F-8F69E4B924D9}.Debug|Any CPU.Build.0 = Debug|Any CPU
		{14125935-97B2-4D75-B17F-8F69E4B924D9}.Release|Any CPU.ActiveCfg = Release|Any CPU
		{14125935-97B2-4D75-B17F-8F69E4B924D9}.Release|Any CPU.Build.0 = Release|Any CPU
		{308D33DB-796C-48FC-B82A-3417FCB4CA6C}.Debug|Any CPU.ActiveCfg = Debug|Any CPU
		{308D33DB-796C-48FC-B82A-3417FCB4CA6C}.Debug|Any CPU.Build.0 = Debug|Any CPU
		{308D33DB-796C-48FC-B82A-3417FCB4CA6C}.Release|Any CPU.ActiveCfg = Release|Any CPU
		{308D33DB-796C-48FC-B82A-3417FCB4CA6C}.Release|Any CPU.Build.0 = Release|Any CPU
		{DE216708-61C2-4652-BC05-5266E400E5F7}.Debug|Any CPU.ActiveCfg = Debug|Any CPU
		{DE216708-61C2-4652-BC05-5266E400E5F7}.Debug|Any CPU.Build.0 = Debug|Any CPU
		{DE216708-61C2-4652-BC05-5266E400E5F7}.Release|Any CPU.ActiveCfg = Release|Any CPU
		{DE216708-61C2-4652-BC05-5266E400E5F7}.Release|Any CPU.Build.0 = Release|Any CPU
		{C0137F06-43D0-483D-AECC-F9A418B560C1}.Debug|Any CPU.ActiveCfg = Debug|Any CPU
		{C0137F06-43D0-483D-AECC-F9A418B560C1}.Debug|Any CPU.Build.0 = Debug|Any CPU
		{C0137F06-43D0-483D-AECC-F9A418B560C1}.Release|Any CPU.ActiveCfg = Release|Any CPU
		{C0137F06-43D0-483D-AECC-F9A418B560C1}.Release|Any CPU.Build.0 = Release|Any CPU
		{AF9597AB-20D2-4089-A751-CB3889761AA8}.Debug|Any CPU.ActiveCfg = Debug|Any CPU
		{AF9597AB-20D2-4089-A751-CB3889761AA8}.Debug|Any CPU.Build.0 = Debug|Any CPU
		{AF9597AB-20D2-4089-A751-CB3889761AA8}.Release|Any CPU.ActiveCfg = Release|Any CPU
		{AF9597AB-20D2-4089-A751-CB3889761AA8}.Release|Any CPU.Build.0 = Release|Any CPU
		{ECEE1BB7-4D65-4FC7-965E-549305F33F5E}.Debug|Any CPU.ActiveCfg = Debug|Any CPU
		{ECEE1BB7-4D65-4FC7-965E-549305F33F5E}.Debug|Any CPU.Build.0 = Debug|Any CPU
		{ECEE1BB7-4D65-4FC7-965E-549305F33F5E}.Release|Any CPU.ActiveCfg = Release|Any CPU
		{ECEE1BB7-4D65-4FC7-965E-549305F33F5E}.Release|Any CPU.Build.0 = Release|Any CPU
	EndGlobalSection
	GlobalSection(SolutionProperties) = preSolution
		HideSolutionNode = FALSE
	EndGlobalSection
	GlobalSection(NestedProjects) = preSolution
		{281A75E3-343D-4790-8531-7FA001050EA4} = {0F37CEE1-2F61-47E4-8D16-7BDAEAF09750}
		{F7C894DF-5E33-4F2C-957E-12201F70A3DA} = {95EFF810-98AA-4D18-9F40-FC38168991EF}
		{02525D9E-47E3-406F-B28F-5403AACE7207} = {59A9A557-BA9A-4D9E-8B07-821DD5AA1F29}
		{14125935-97B2-4D75-B17F-8F69E4B924D9} = {59A9A557-BA9A-4D9E-8B07-821DD5AA1F29}
		{308D33DB-796C-48FC-B82A-3417FCB4CA6C} = {A7D18AB9-9979-4693-B89A-5107E2F92C92}
		{DE216708-61C2-4652-BC05-5266E400E5F7} = {95EFF810-98AA-4D18-9F40-FC38168991EF}
		{C0137F06-43D0-483D-AECC-F9A418B560C1} = {C2B36B19-FDDB-4E0C-82B8-F79654FD2368}
		{ECEE1BB7-4D65-4FC7-965E-549305F33F5E} = {B0D37B90-3559-4155-833C-1EDE7D6FDDB3}
	EndGlobalSection
EndGlobal
